// !$*UTF8*$!
{
	archiveVersion = 1;
	classes = {
	};
	objectVersion = 77;
	objects = {

/* Begin PBXBuildFile section */
		A12A2BB22E45DAEA00439392 /* DotLottie in Frameworks */ = {isa = PBXBuildFile; productRef = A12A2BB12E45DAEA00439392 /* DotLottie */; };
		A12A2BC82E47DF5F00439392 /* SwiftyCrop in Frameworks */ = {isa = PBXBuildFile; productRef = A12A2BC72E47DF5F00439392 /* SwiftyCrop */; };
		A18B36AC2E86204A00DB33A2 /* AmplitudeSwift in Frameworks */ = {isa = PBXBuildFile; productRef = A18B36AB2E86204A00DB33A2 /* AmplitudeSwift */; };
		A1EFF8B42E1F661800C88FE5 /* Auth in Frameworks */ = {isa = PBXBuildFile; productRef = A1EFF8B32E1F661800C88FE5 /* Auth */; };
		A1EFF8B62E1F661800C88FE5 /* PostgREST in Frameworks */ = {isa = PBXBuildFile; productRef = A1EFF8B52E1F661800C88FE5 /* PostgREST */; };
		A1EFF8B82E1F661800C88FE5 /* Storage in Frameworks */ = {isa = PBXBuildFile; productRef = A1EFF8B72E1F661800C88FE5 /* Storage */; };
		A1EFF8BB2E1F668500C88FE5 /* Supabase in Frameworks */ = {isa = PBXBuildFile; productRef = A1EFF8BA2E1F668500C88FE5 /* Supabase */; };
		A1EFF8F02E2C3B9000C88FE5 /* Vortex in Frameworks */ = {isa = PBXBuildFile; productRef = A1EFF8EF2E2C3B9000C88FE5 /* Vortex */; };
		A1EFF8F52E2C9A2200C88FE5 /* FactoryKit in Frameworks */ = {isa = PBXBuildFile; productRef = A1EFF8F42E2C9A2200C88FE5 /* FactoryKit */; };
/* End PBXBuildFile section */

/* Begin PBXContainerItemProxy section */
		A12533A12E14CBD700C12FA3 /* PBXContainerItemProxy */ = {
			isa = PBXContainerItemProxy;
			containerPortal = A125338B2E14CBD500C12FA3 /* Project object */;
			proxyType = 1;
			remoteGlobalIDString = A12533922E14CBD500C12FA3;
			remoteInfo = "Level Up Fitness";
		};
		A12533AB2E14CBD700C12FA3 /* PBXContainerItemProxy */ = {
			isa = PBXContainerItemProxy;
			containerPortal = A125338B2E14CBD500C12FA3 /* Project object */;
			proxyType = 1;
			remoteGlobalIDString = A12533922E14CBD500C12FA3;
			remoteInfo = "Level Up Fitness";
		};
/* End PBXContainerItemProxy section */

/* Begin PBXFileReference section */
		A12533932E14CBD500C12FA3 /* Level Up.app */ = {isa = PBXFileReference; explicitFileType = wrapper.application; includeInIndex = 0; path = "Level Up.app"; sourceTree = BUILT_PRODUCTS_DIR; };
		A12533A02E14CBD700C12FA3 /* Level UpTests.xctest */ = {isa = PBXFileReference; explicitFileType = wrapper.cfbundle; includeInIndex = 0; path = "Level UpTests.xctest"; sourceTree = BUILT_PRODUCTS_DIR; };
		A12533AA2E14CBD700C12FA3 /* Level UpUITests.xctest */ = {isa = PBXFileReference; explicitFileType = wrapper.cfbundle; includeInIndex = 0; path = "Level UpUITests.xctest"; sourceTree = BUILT_PRODUCTS_DIR; };
/* End PBXFileReference section */

/* Begin PBXFileSystemSynchronizedRootGroup section */
		A12533A32E14CBD700C12FA3 /* Level Up FitnessTests */ = {
			isa = PBXFileSystemSynchronizedRootGroup;
			path = "Level Up FitnessTests";
			sourceTree = "<group>";
		};
		A12533AD2E14CBD700C12FA3 /* Level Up FitnessUITests */ = {
			isa = PBXFileSystemSynchronizedRootGroup;
			path = "Level Up FitnessUITests";
			sourceTree = "<group>";
		};
		A13314A22E3F37E7000DDCC0 /* Level Up Fitness */ = {
			isa = PBXFileSystemSynchronizedRootGroup;
			path = "Level Up Fitness";
			sourceTree = "<group>";
		};
/* End PBXFileSystemSynchronizedRootGroup section */

/* Begin PBXFrameworksBuildPhase section */
		A12533902E14CBD500C12FA3 /* Frameworks */ = {
			isa = PBXFrameworksBuildPhase;
			buildActionMask = 2147483647;
			files = (
				A18B36AC2E86204A00DB33A2 /* AmplitudeSwift in Frameworks */,
				A1EFF8F52E2C9A2200C88FE5 /* FactoryKit in Frameworks */,
				A12A2BB22E45DAEA00439392 /* DotLottie in Frameworks */,
				A1EFF8F02E2C3B9000C88FE5 /* Vortex in Frameworks */,
				A1EFF8BB2E1F668500C88FE5 /* Supabase in Frameworks */,
				A12A2BC82E47DF5F00439392 /* SwiftyCrop in Frameworks */,
				A1EFF8B82E1F661800C88FE5 /* Storage in Frameworks */,
				A1EFF8B62E1F661800C88FE5 /* PostgREST in Frameworks */,
				A1EFF8B42E1F661800C88FE5 /* Auth in Frameworks */,
			);
			runOnlyForDeploymentPostprocessing = 0;
		};
		A125339D2E14CBD700C12FA3 /* Frameworks */ = {
			isa = PBXFrameworksBuildPhase;
			buildActionMask = 2147483647;
			files = (
			);
			runOnlyForDeploymentPostprocessing = 0;
		};
		A12533A72E14CBD700C12FA3 /* Frameworks */ = {
			isa = PBXFrameworksBuildPhase;
			buildActionMask = 2147483647;
			files = (
			);
			runOnlyForDeploymentPostprocessing = 0;
		};
/* End PBXFrameworksBuildPhase section */

/* Begin PBXGroup section */
		A125338A2E14CBD500C12FA3 = {
			isa = PBXGroup;
			children = (
				A13314A22E3F37E7000DDCC0 /* Level Up Fitness */,
				A12533A32E14CBD700C12FA3 /* Level Up FitnessTests */,
				A12533AD2E14CBD700C12FA3 /* Level Up FitnessUITests */,
				A1EFF8B92E1F668500C88FE5 /* Frameworks */,
				A12533942E14CBD500C12FA3 /* Products */,
			);
			sourceTree = "<group>";
		};
		A12533942E14CBD500C12FA3 /* Products */ = {
			isa = PBXGroup;
			children = (
				A12533932E14CBD500C12FA3 /* Level Up.app */,
				A12533A02E14CBD700C12FA3 /* Level UpTests.xctest */,
				A12533AA2E14CBD700C12FA3 /* Level UpUITests.xctest */,
			);
			name = Products;
			sourceTree = "<group>";
		};
		A1EFF8B92E1F668500C88FE5 /* Frameworks */ = {
			isa = PBXGroup;
			children = (
			);
			name = Frameworks;
			sourceTree = "<group>";
		};
/* End PBXGroup section */

/* Begin PBXNativeTarget section */
		A12533922E14CBD500C12FA3 /* Level Up */ = {
			isa = PBXNativeTarget;
			buildConfigurationList = A12533B42E14CBD700C12FA3 /* Build configuration list for PBXNativeTarget "Level Up" */;
			buildPhases = (
				A125338F2E14CBD500C12FA3 /* Sources */,
				A12533902E14CBD500C12FA3 /* Frameworks */,
				A12533912E14CBD500C12FA3 /* Resources */,
			);
			buildRules = (
			);
			dependencies = (
			);
			fileSystemSynchronizedGroups = (
				A13314A22E3F37E7000DDCC0 /* Level Up Fitness */,
			);
			name = "Level Up";
			packageProductDependencies = (
				A1EFF8B32E1F661800C88FE5 /* Auth */,
				A1EFF8B52E1F661800C88FE5 /* PostgREST */,
				A1EFF8B72E1F661800C88FE5 /* Storage */,
				A1EFF8BA2E1F668500C88FE5 /* Supabase */,
				A1EFF8EF2E2C3B9000C88FE5 /* Vortex */,
				A1EFF8F42E2C9A2200C88FE5 /* FactoryKit */,
				A12A2BB12E45DAEA00439392 /* DotLottie */,
				A12A2BC72E47DF5F00439392 /* SwiftyCrop */,
				A18B36AB2E86204A00DB33A2 /* AmplitudeSwift */,
			);
			productName = "Level Up Fitness";
			productReference = A12533932E14CBD500C12FA3 /* Level Up.app */;
			productType = "com.apple.product-type.application";
		};
		A125339F2E14CBD700C12FA3 /* Level UpTests */ = {
			isa = PBXNativeTarget;
			buildConfigurationList = A12533B72E14CBD700C12FA3 /* Build configuration list for PBXNativeTarget "Level UpTests" */;
			buildPhases = (
				A125339C2E14CBD700C12FA3 /* Sources */,
				A125339D2E14CBD700C12FA3 /* Frameworks */,
				A125339E2E14CBD700C12FA3 /* Resources */,
			);
			buildRules = (
			);
			dependencies = (
				A12533A22E14CBD700C12FA3 /* PBXTargetDependency */,
			);
			fileSystemSynchronizedGroups = (
				A12533A32E14CBD700C12FA3 /* Level Up FitnessTests */,
			);
			name = "Level UpTests";
			packageProductDependencies = (
			);
			productName = "Level Up FitnessTests";
			productReference = A12533A02E14CBD700C12FA3 /* Level UpTests.xctest */;
			productType = "com.apple.product-type.bundle.unit-test";
		};
		A12533A92E14CBD700C12FA3 /* Level UpUITests */ = {
			isa = PBXNativeTarget;
			buildConfigurationList = A12533BA2E14CBD700C12FA3 /* Build configuration list for PBXNativeTarget "Level UpUITests" */;
			buildPhases = (
				A12533A62E14CBD700C12FA3 /* Sources */,
				A12533A72E14CBD700C12FA3 /* Frameworks */,
				A12533A82E14CBD700C12FA3 /* Resources */,
			);
			buildRules = (
			);
			dependencies = (
				A12533AC2E14CBD700C12FA3 /* PBXTargetDependency */,
			);
			fileSystemSynchronizedGroups = (
				A12533AD2E14CBD700C12FA3 /* Level Up FitnessUITests */,
			);
			name = "Level UpUITests";
			packageProductDependencies = (
			);
			productName = "Level Up FitnessUITests";
			productReference = A12533AA2E14CBD700C12FA3 /* Level UpUITests.xctest */;
			productType = "com.apple.product-type.bundle.ui-testing";
		};
/* End PBXNativeTarget section */

/* Begin PBXProject section */
		A125338B2E14CBD500C12FA3 /* Project object */ = {
			isa = PBXProject;
			attributes = {
				BuildIndependentTargetsInParallel = 1;
				LastSwiftUpdateCheck = 1640;
				LastUpgradeCheck = 1640;
				TargetAttributes = {
					A12533922E14CBD500C12FA3 = {
						CreatedOnToolsVersion = 16.4;
					};
					A125339F2E14CBD700C12FA3 = {
						CreatedOnToolsVersion = 16.4;
						TestTargetID = A12533922E14CBD500C12FA3;
					};
					A12533A92E14CBD700C12FA3 = {
						CreatedOnToolsVersion = 16.4;
						TestTargetID = A12533922E14CBD500C12FA3;
					};
				};
			};
			buildConfigurationList = A125338E2E14CBD500C12FA3 /* Build configuration list for PBXProject "Level Up" */;
			developmentRegion = en;
			hasScannedForEncodings = 0;
			knownRegions = (
				en,
				Base,
			);
			mainGroup = A125338A2E14CBD500C12FA3;
			minimizedProjectReferenceProxies = 1;
			packageReferences = (
				A1EFF8B22E1F661800C88FE5 /* XCRemoteSwiftPackageReference "supabase-swift" */,
				A1EFF8EE2E2C3B9000C88FE5 /* XCRemoteSwiftPackageReference "Vortex" */,
				A1EFF8F32E2C9A2200C88FE5 /* XCRemoteSwiftPackageReference "Factory" */,
				A12A2BB02E45DAEA00439392 /* XCRemoteSwiftPackageReference "dotlottie-ios" */,
				A12A2BC62E47DF5F00439392 /* XCRemoteSwiftPackageReference "SwiftyCrop" */,
				A18B36AA2E86204A00DB33A2 /* XCRemoteSwiftPackageReference "Amplitude-Swift" */,
			);
			preferredProjectObjectVersion = 77;
			productRefGroup = A12533942E14CBD500C12FA3 /* Products */;
			projectDirPath = "";
			projectRoot = "";
			targets = (
				A12533922E14CBD500C12FA3 /* Level Up */,
				A125339F2E14CBD700C12FA3 /* Level UpTests */,
				A12533A92E14CBD700C12FA3 /* Level UpUITests */,
			);
		};
/* End PBXProject section */

/* Begin PBXResourcesBuildPhase section */
		A12533912E14CBD500C12FA3 /* Resources */ = {
			isa = PBXResourcesBuildPhase;
			buildActionMask = 2147483647;
			files = (
			);
			runOnlyForDeploymentPostprocessing = 0;
		};
		A125339E2E14CBD700C12FA3 /* Resources */ = {
			isa = PBXResourcesBuildPhase;
			buildActionMask = 2147483647;
			files = (
			);
			runOnlyForDeploymentPostprocessing = 0;
		};
		A12533A82E14CBD700C12FA3 /* Resources */ = {
			isa = PBXResourcesBuildPhase;
			buildActionMask = 2147483647;
			files = (
			);
			runOnlyForDeploymentPostprocessing = 0;
		};
/* End PBXResourcesBuildPhase section */

/* Begin PBXSourcesBuildPhase section */
		A125338F2E14CBD500C12FA3 /* Sources */ = {
			isa = PBXSourcesBuildPhase;
			buildActionMask = 2147483647;
			files = (
			);
			runOnlyForDeploymentPostprocessing = 0;
		};
		A125339C2E14CBD700C12FA3 /* Sources */ = {
			isa = PBXSourcesBuildPhase;
			buildActionMask = 2147483647;
			files = (
			);
			runOnlyForDeploymentPostprocessing = 0;
		};
		A12533A62E14CBD700C12FA3 /* Sources */ = {
			isa = PBXSourcesBuildPhase;
			buildActionMask = 2147483647;
			files = (
			);
			runOnlyForDeploymentPostprocessing = 0;
		};
/* End PBXSourcesBuildPhase section */

/* Begin PBXTargetDependency section */
		A12533A22E14CBD700C12FA3 /* PBXTargetDependency */ = {
			isa = PBXTargetDependency;
			target = A12533922E14CBD500C12FA3 /* Level Up */;
			targetProxy = A12533A12E14CBD700C12FA3 /* PBXContainerItemProxy */;
		};
		A12533AC2E14CBD700C12FA3 /* PBXTargetDependency */ = {
			isa = PBXTargetDependency;
			target = A12533922E14CBD500C12FA3 /* Level Up */;
			targetProxy = A12533AB2E14CBD700C12FA3 /* PBXContainerItemProxy */;
		};
/* End PBXTargetDependency section */

/* Begin XCBuildConfiguration section */
		A12533B22E14CBD700C12FA3 /* Debug */ = {
			isa = XCBuildConfiguration;
			buildSettings = {
				ALWAYS_SEARCH_USER_PATHS = NO;
				ASSETCATALOG_COMPILER_GENERATE_SWIFT_ASSET_SYMBOL_EXTENSIONS = YES;
				CLANG_ANALYZER_NONNULL = YES;
				CLANG_ANALYZER_NUMBER_OBJECT_CONVERSION = YES_AGGRESSIVE;
				CLANG_CXX_LANGUAGE_STANDARD = "gnu++20";
				CLANG_ENABLE_MODULES = YES;
				CLANG_ENABLE_OBJC_ARC = YES;
				CLANG_ENABLE_OBJC_WEAK = YES;
				CLANG_WARN_BLOCK_CAPTURE_AUTORELEASING = YES;
				CLANG_WARN_BOOL_CONVERSION = YES;
				CLANG_WARN_COMMA = YES;
				CLANG_WARN_CONSTANT_CONVERSION = YES;
				CLANG_WARN_DEPRECATED_OBJC_IMPLEMENTATIONS = YES;
				CLANG_WARN_DIRECT_OBJC_ISA_USAGE = YES_ERROR;
				CLANG_WARN_DOCUMENTATION_COMMENTS = YES;
				CLANG_WARN_EMPTY_BODY = YES;
				CLANG_WARN_ENUM_CONVERSION = YES;
				CLANG_WARN_INFINITE_RECURSION = YES;
				CLANG_WARN_INT_CONVERSION = YES;
				CLANG_WARN_NON_LITERAL_NULL_CONVERSION = YES;
				CLANG_WARN_OBJC_IMPLICIT_RETAIN_SELF = YES;
				CLANG_WARN_OBJC_LITERAL_CONVERSION = YES;
				CLANG_WARN_OBJC_ROOT_CLASS = YES_ERROR;
				CLANG_WARN_QUOTED_INCLUDE_IN_FRAMEWORK_HEADER = YES;
				CLANG_WARN_RANGE_LOOP_ANALYSIS = YES;
				CLANG_WARN_STRICT_PROTOTYPES = YES;
				CLANG_WARN_SUSPICIOUS_MOVE = YES;
				CLANG_WARN_UNGUARDED_AVAILABILITY = YES_AGGRESSIVE;
				CLANG_WARN_UNREACHABLE_CODE = YES;
				CLANG_WARN__DUPLICATE_METHOD_MATCH = YES;
				COPY_PHASE_STRIP = NO;
				DEBUG_INFORMATION_FORMAT = dwarf;
				DEVELOPMENT_TEAM = 3UK26G7UCA;
				ENABLE_STRICT_OBJC_MSGSEND = YES;
				ENABLE_TESTABILITY = YES;
				ENABLE_USER_SCRIPT_SANDBOXING = YES;
				GCC_C_LANGUAGE_STANDARD = gnu17;
				GCC_DYNAMIC_NO_PIC = NO;
				GCC_NO_COMMON_BLOCKS = YES;
				GCC_OPTIMIZATION_LEVEL = 0;
				GCC_PREPROCESSOR_DEFINITIONS = (
					"DEBUG=1",
					"$(inherited)",
				);
				GCC_WARN_64_TO_32_BIT_CONVERSION = YES;
				GCC_WARN_ABOUT_RETURN_TYPE = YES_ERROR;
				GCC_WARN_UNDECLARED_SELECTOR = YES;
				GCC_WARN_UNINITIALIZED_AUTOS = YES_AGGRESSIVE;
				GCC_WARN_UNUSED_FUNCTION = YES;
				GCC_WARN_UNUSED_VARIABLE = YES;
				IPHONEOS_DEPLOYMENT_TARGET = 18.5;
				LOCALIZATION_PREFERS_STRING_CATALOGS = YES;
				MTL_ENABLE_DEBUG_INFO = INCLUDE_SOURCE;
				MTL_FAST_MATH = YES;
				ONLY_ACTIVE_ARCH = YES;
				SDKROOT = iphoneos;
				SWIFT_ACTIVE_COMPILATION_CONDITIONS = "DEBUG $(inherited)";
				SWIFT_OPTIMIZATION_LEVEL = "-Onone";
			};
			name = Debug;
		};
		A12533B32E14CBD700C12FA3 /* Release */ = {
			isa = XCBuildConfiguration;
			buildSettings = {
				ALWAYS_SEARCH_USER_PATHS = NO;
				ASSETCATALOG_COMPILER_GENERATE_SWIFT_ASSET_SYMBOL_EXTENSIONS = YES;
				CLANG_ANALYZER_NONNULL = YES;
				CLANG_ANALYZER_NUMBER_OBJECT_CONVERSION = YES_AGGRESSIVE;
				CLANG_CXX_LANGUAGE_STANDARD = "gnu++20";
				CLANG_ENABLE_MODULES = YES;
				CLANG_ENABLE_OBJC_ARC = YES;
				CLANG_ENABLE_OBJC_WEAK = YES;
				CLANG_WARN_BLOCK_CAPTURE_AUTORELEASING = YES;
				CLANG_WARN_BOOL_CONVERSION = YES;
				CLANG_WARN_COMMA = YES;
				CLANG_WARN_CONSTANT_CONVERSION = YES;
				CLANG_WARN_DEPRECATED_OBJC_IMPLEMENTATIONS = YES;
				CLANG_WARN_DIRECT_OBJC_ISA_USAGE = YES_ERROR;
				CLANG_WARN_DOCUMENTATION_COMMENTS = YES;
				CLANG_WARN_EMPTY_BODY = YES;
				CLANG_WARN_ENUM_CONVERSION = YES;
				CLANG_WARN_INFINITE_RECURSION = YES;
				CLANG_WARN_INT_CONVERSION = YES;
				CLANG_WARN_NON_LITERAL_NULL_CONVERSION = YES;
				CLANG_WARN_OBJC_IMPLICIT_RETAIN_SELF = YES;
				CLANG_WARN_OBJC_LITERAL_CONVERSION = YES;
				CLANG_WARN_OBJC_ROOT_CLASS = YES_ERROR;
				CLANG_WARN_QUOTED_INCLUDE_IN_FRAMEWORK_HEADER = YES;
				CLANG_WARN_RANGE_LOOP_ANALYSIS = YES;
				CLANG_WARN_STRICT_PROTOTYPES = YES;
				CLANG_WARN_SUSPICIOUS_MOVE = YES;
				CLANG_WARN_UNGUARDED_AVAILABILITY = YES_AGGRESSIVE;
				CLANG_WARN_UNREACHABLE_CODE = YES;
				CLANG_WARN__DUPLICATE_METHOD_MATCH = YES;
				COPY_PHASE_STRIP = NO;
				DEBUG_INFORMATION_FORMAT = "dwarf-with-dsym";
				DEVELOPMENT_TEAM = 3UK26G7UCA;
				ENABLE_NS_ASSERTIONS = NO;
				ENABLE_STRICT_OBJC_MSGSEND = YES;
				ENABLE_USER_SCRIPT_SANDBOXING = YES;
				GCC_C_LANGUAGE_STANDARD = gnu17;
				GCC_NO_COMMON_BLOCKS = YES;
				GCC_WARN_64_TO_32_BIT_CONVERSION = YES;
				GCC_WARN_ABOUT_RETURN_TYPE = YES_ERROR;
				GCC_WARN_UNDECLARED_SELECTOR = YES;
				GCC_WARN_UNINITIALIZED_AUTOS = YES_AGGRESSIVE;
				GCC_WARN_UNUSED_FUNCTION = YES;
				GCC_WARN_UNUSED_VARIABLE = YES;
				IPHONEOS_DEPLOYMENT_TARGET = 18.5;
				LOCALIZATION_PREFERS_STRING_CATALOGS = YES;
				MTL_ENABLE_DEBUG_INFO = NO;
				MTL_FAST_MATH = YES;
				SDKROOT = iphoneos;
				SWIFT_COMPILATION_MODE = wholemodule;
				VALIDATE_PRODUCT = YES;
			};
			name = Release;
		};
		A12533B52E14CBD700C12FA3 /* Debug */ = {
			isa = XCBuildConfiguration;
			buildSettings = {
				ASSETCATALOG_COMPILER_APPICON_NAME = AppIcon;
				ASSETCATALOG_COMPILER_GLOBAL_ACCENT_COLOR_NAME = AccentColor;
				CODE_SIGN_STYLE = Automatic;
				CURRENT_PROJECT_VERSION = 32;
				DEVELOPMENT_TEAM = 3UK26G7UCA;
				ENABLE_PREVIEWS = YES;
				GENERATE_INFOPLIST_FILE = YES;
				INFOPLIST_FILE = "Level-Up-Fitness-Info.plist";
				INFOPLIST_KEY_CFBundleDisplayName = "Level Up";
				INFOPLIST_KEY_ITSAppUsesNonExemptEncryption = NO;
				INFOPLIST_KEY_UIApplicationSceneManifest_Generation = YES;
				INFOPLIST_KEY_UIApplicationSupportsIndirectInputEvents = YES;
				INFOPLIST_KEY_UILaunchScreen_Generation = YES;
				INFOPLIST_KEY_UISupportedInterfaceOrientations = UIInterfaceOrientationPortrait;
				INFOPLIST_KEY_UISupportedInterfaceOrientations_iPad = "UIInterfaceOrientationLandscapeLeft UIInterfaceOrientationLandscapeRight UIInterfaceOrientationPortrait UIInterfaceOrientationPortraitUpsideDown";
				LD_RUNPATH_SEARCH_PATHS = (
					"$(inherited)",
					"@executable_path/Frameworks",
				);
				MARKETING_VERSION = 1.0;
				PRODUCT_BUNDLE_IDENTIFIER = "com.levelup-fitness.Level-Up-Fitness";
				PRODUCT_NAME = "$(TARGET_NAME)";
				SUPPORTED_PLATFORMS = "iphoneos iphonesimulator";
				SUPPORTS_MACCATALYST = NO;
				SUPPORTS_MAC_DESIGNED_FOR_IPHONE_IPAD = NO;
				SUPPORTS_XR_DESIGNED_FOR_IPHONE_IPAD = NO;
				SWIFT_EMIT_LOC_STRINGS = YES;
				SWIFT_VERSION = 5.0;
				TARGETED_DEVICE_FAMILY = 1;
			};
			name = Debug;
		};
		A12533B62E14CBD700C12FA3 /* Release */ = {
			isa = XCBuildConfiguration;
			buildSettings = {
				ASSETCATALOG_COMPILER_APPICON_NAME = AppIcon;
				ASSETCATALOG_COMPILER_GLOBAL_ACCENT_COLOR_NAME = AccentColor;
				CODE_SIGN_STYLE = Automatic;
				CURRENT_PROJECT_VERSION = 32;
				DEVELOPMENT_TEAM = 3UK26G7UCA;
				ENABLE_PREVIEWS = YES;
				GENERATE_INFOPLIST_FILE = YES;
				INFOPLIST_FILE = "Level-Up-Fitness-Info.plist";
				INFOPLIST_KEY_CFBundleDisplayName = "Level Up";
				INFOPLIST_KEY_ITSAppUsesNonExemptEncryption = NO;
				INFOPLIST_KEY_UIApplicationSceneManifest_Generation = YES;
				INFOPLIST_KEY_UIApplicationSupportsIndirectInputEvents = YES;
				INFOPLIST_KEY_UILaunchScreen_Generation = YES;
				INFOPLIST_KEY_UISupportedInterfaceOrientations = UIInterfaceOrientationPortrait;
				INFOPLIST_KEY_UISupportedInterfaceOrientations_iPad = "UIInterfaceOrientationLandscapeLeft UIInterfaceOrientationLandscapeRight UIInterfaceOrientationPortrait UIInterfaceOrientationPortraitUpsideDown";
				LD_RUNPATH_SEARCH_PATHS = (
					"$(inherited)",
					"@executable_path/Frameworks",
				);
				MARKETING_VERSION = 1.0;
				PRODUCT_BUNDLE_IDENTIFIER = "com.levelup-fitness.Level-Up-Fitness";
				PRODUCT_NAME = "$(TARGET_NAME)";
				SUPPORTED_PLATFORMS = "iphoneos iphonesimulator";
				SUPPORTS_MACCATALYST = NO;
				SUPPORTS_MAC_DESIGNED_FOR_IPHONE_IPAD = NO;
				SUPPORTS_XR_DESIGNED_FOR_IPHONE_IPAD = NO;
				SWIFT_EMIT_LOC_STRINGS = YES;
				SWIFT_VERSION = 5.0;
				TARGETED_DEVICE_FAMILY = 1;
			};
			name = Release;
		};
		A12533B82E14CBD700C12FA3 /* Debug */ = {
			isa = XCBuildConfiguration;
			buildSettings = {
				BUNDLE_LOADER = "$(TEST_HOST)";
				CODE_SIGN_STYLE = Automatic;
				CURRENT_PROJECT_VERSION = 1;
				DEVELOPMENT_TEAM = 3UK26G7UCA;
				GENERATE_INFOPLIST_FILE = YES;
				IPHONEOS_DEPLOYMENT_TARGET = 18.5;
				MARKETING_VERSION = 1.0;
				PRODUCT_BUNDLE_IDENTIFIER = "com.levelup-fitness.Level-Up-FitnessTests";
				PRODUCT_NAME = "$(TARGET_NAME)";
				SWIFT_EMIT_LOC_STRINGS = NO;
				SWIFT_VERSION = 5.0;
				TARGETED_DEVICE_FAMILY = "1,2";
				TEST_HOST = "$(BUILT_PRODUCTS_DIR)/Level Up.app/$(BUNDLE_EXECUTABLE_FOLDER_PATH)/Level Up";
			};
			name = Debug;
		};
		A12533B92E14CBD700C12FA3 /* Release */ = {
			isa = XCBuildConfiguration;
			buildSettings = {
				BUNDLE_LOADER = "$(TEST_HOST)";
				CODE_SIGN_STYLE = Automatic;
				CURRENT_PROJECT_VERSION = 1;
				DEVELOPMENT_TEAM = 3UK26G7UCA;
				GENERATE_INFOPLIST_FILE = YES;
				IPHONEOS_DEPLOYMENT_TARGET = 18.5;
				MARKETING_VERSION = 1.0;
				PRODUCT_BUNDLE_IDENTIFIER = "com.levelup-fitness.Level-Up-FitnessTests";
				PRODUCT_NAME = "$(TARGET_NAME)";
				SWIFT_EMIT_LOC_STRINGS = NO;
				SWIFT_VERSION = 5.0;
				TARGETED_DEVICE_FAMILY = "1,2";
				TEST_HOST = "$(BUILT_PRODUCTS_DIR)/Level Up.app/$(BUNDLE_EXECUTABLE_FOLDER_PATH)/Level Up";
			};
			name = Release;
		};
		A12533BB2E14CBD700C12FA3 /* Debug */ = {
			isa = XCBuildConfiguration;
			buildSettings = {
				CODE_SIGN_STYLE = Automatic;
				CURRENT_PROJECT_VERSION = 1;
				DEVELOPMENT_TEAM = 3UK26G7UCA;
				GENERATE_INFOPLIST_FILE = YES;
				MARKETING_VERSION = 1.0;
				PRODUCT_BUNDLE_IDENTIFIER = "com.levelup-fitness.Level-Up-FitnessUITests";
				PRODUCT_NAME = "$(TARGET_NAME)";
				SWIFT_EMIT_LOC_STRINGS = NO;
				SWIFT_VERSION = 5.0;
				TARGETED_DEVICE_FAMILY = "1,2";
				TEST_TARGET_NAME = "Level Up Fitness";
			};
			name = Debug;
		};
		A12533BC2E14CBD700C12FA3 /* Release */ = {
			isa = XCBuildConfiguration;
			buildSettings = {
				CODE_SIGN_STYLE = Automatic;
				CURRENT_PROJECT_VERSION = 1;
				DEVELOPMENT_TEAM = 3UK26G7UCA;
				GENERATE_INFOPLIST_FILE = YES;
				MARKETING_VERSION = 1.0;
				PRODUCT_BUNDLE_IDENTIFIER = "com.levelup-fitness.Level-Up-FitnessUITests";
				PRODUCT_NAME = "$(TARGET_NAME)";
				SWIFT_EMIT_LOC_STRINGS = NO;
				SWIFT_VERSION = 5.0;
				TARGETED_DEVICE_FAMILY = "1,2";
				TEST_TARGET_NAME = "Level Up Fitness";
			};
			name = Release;
		};
/* End XCBuildConfiguration section */

/* Begin XCConfigurationList section */
		A125338E2E14CBD500C12FA3 /* Build configuration list for PBXProject "Level Up" */ = {
			isa = XCConfigurationList;
			buildConfigurations = (
				A12533B22E14CBD700C12FA3 /* Debug */,
				A12533B32E14CBD700C12FA3 /* Release */,
			);
			defaultConfigurationIsVisible = 0;
			defaultConfigurationName = Release;
		};
		A12533B42E14CBD700C12FA3 /* Build configuration list for PBXNativeTarget "Level Up" */ = {
			isa = XCConfigurationList;
			buildConfigurations = (
				A12533B52E14CBD700C12FA3 /* Debug */,
				A12533B62E14CBD700C12FA3 /* Release */,
			);
			defaultConfigurationIsVisible = 0;
			defaultConfigurationName = Release;
		};
		A12533B72E14CBD700C12FA3 /* Build configuration list for PBXNativeTarget "Level UpTests" */ = {
			isa = XCConfigurationList;
			buildConfigurations = (
				A12533B82E14CBD700C12FA3 /* Debug */,
				A12533B92E14CBD700C12FA3 /* Release */,
			);
			defaultConfigurationIsVisible = 0;
			defaultConfigurationName = Release;
		};
		A12533BA2E14CBD700C12FA3 /* Build configuration list for PBXNativeTarget "Level UpUITests" */ = {
			isa = XCConfigurationList;
			buildConfigurations = (
				A12533BB2E14CBD700C12FA3 /* Debug */,
				A12533BC2E14CBD700C12FA3 /* Release */,
			);
			defaultConfigurationIsVisible = 0;
			defaultConfigurationName = Release;
		};
/* End XCConfigurationList section */

/* Begin XCRemoteSwiftPackageReference section */
		A12A2BB02E45DAEA00439392 /* XCRemoteSwiftPackageReference "dotlottie-ios" */ = {
			isa = XCRemoteSwiftPackageReference;
			repositoryURL = "https://github.com/LottieFiles/dotlottie-ios";
			requirement = {
				kind = upToNextMajorVersion;
				minimumVersion = 0.8.3;
			};
		};
		A12A2BC62E47DF5F00439392 /* XCRemoteSwiftPackageReference "SwiftyCrop" */ = {
			isa = XCRemoteSwiftPackageReference;
			repositoryURL = "https://github.com/benedom/SwiftyCrop";
			requirement = {
				kind = upToNextMajorVersion;
				minimumVersion = 1.0.0;
			};
		};
		A18B36AA2E86204A00DB33A2 /* XCRemoteSwiftPackageReference "Amplitude-Swift" */ = {
			isa = XCRemoteSwiftPackageReference;
			repositoryURL = "https://github.com/amplitude/Amplitude-Swift";
			requirement = {
				branch = main;
				kind = branch;
			};
		};
		A1EFF8B22E1F661800C88FE5 /* XCRemoteSwiftPackageReference "supabase-swift" */ = {
			isa = XCRemoteSwiftPackageReference;
			repositoryURL = "https://github.com/supabase/supabase-swift.git";
			requirement = {
				kind = upToNextMajorVersion;
				minimumVersion = 2.5.1;
			};
		};
		A1EFF8EE2E2C3B9000C88FE5 /* XCRemoteSwiftPackageReference "Vortex" */ = {
			isa = XCRemoteSwiftPackageReference;
			repositoryURL = "https://github.com/twostraws/Vortex";
			requirement = {
				kind = upToNextMajorVersion;
				minimumVersion = 1.0.3;
			};
		};
		A1EFF8F32E2C9A2200C88FE5 /* XCRemoteSwiftPackageReference "Factory" */ = {
			isa = XCRemoteSwiftPackageReference;
			repositoryURL = "https://github.com/hmlongco/Factory";
			requirement = {
				kind = upToNextMajorVersion;
				minimumVersion = 2.5.3;
			};
		};
/* End XCRemoteSwiftPackageReference section */

/* Begin XCSwiftPackageProductDependency section */
		A12A2BB12E45DAEA00439392 /* DotLottie */ = {
			isa = XCSwiftPackageProductDependency;
			package = A12A2BB02E45DAEA00439392 /* XCRemoteSwiftPackageReference "dotlottie-ios" */;
			productName = DotLottie;
		};
		A12A2BC72E47DF5F00439392 /* SwiftyCrop */ = {
			isa = XCSwiftPackageProductDependency;
			package = A12A2BC62E47DF5F00439392 /* XCRemoteSwiftPackageReference "SwiftyCrop" */;
			productName = SwiftyCrop;
		};
		A18B36AB2E86204A00DB33A2 /* AmplitudeSwift */ = {
			isa = XCSwiftPackageProductDependency;
			package = A18B36AA2E86204A00DB33A2 /* XCRemoteSwiftPackageReference "Amplitude-Swift" */;
			productName = AmplitudeSwift;
		};
		A1EFF8B32E1F661800C88FE5 /* Auth */ = {
			isa = XCSwiftPackageProductDependency;
			package = A1EFF8B22E1F661800C88FE5 /* XCRemoteSwiftPackageReference "supabase-swift" */;
			productName = Auth;
		};
		A1EFF8B52E1F661800C88FE5 /* PostgREST */ = {
			isa = XCSwiftPackageProductDependency;
			package = A1EFF8B22E1F661800C88FE5 /* XCRemoteSwiftPackageReference "supabase-swift" */;
			productName = PostgREST;
		};
		A1EFF8B72E1F661800C88FE5 /* Storage */ = {
			isa = XCSwiftPackageProductDependency;
			package = A1EFF8B22E1F661800C88FE5 /* XCRemoteSwiftPackageReference "supabase-swift" */;
			productName = Storage;
		};
		A1EFF8BA2E1F668500C88FE5 /* Supabase */ = {
			isa = XCSwiftPackageProductDependency;
			package = A1EFF8B22E1F661800C88FE5 /* XCRemoteSwiftPackageReference "supabase-swift" */;
			productName = Supabase;
		};
		A1EFF8EF2E2C3B9000C88FE5 /* Vortex */ = {
			isa = XCSwiftPackageProductDependency;
			package = A1EFF8EE2E2C3B9000C88FE5 /* XCRemoteSwiftPackageReference "Vortex" */;
			productName = Vortex;
		};
		A1EFF8F42E2C9A2200C88FE5 /* FactoryKit */ = {
			isa = XCSwiftPackageProductDependency;
			package = A1EFF8F32E2C9A2200C88FE5 /* XCRemoteSwiftPackageReference "Factory" */;
			productName = FactoryKit;
		};
/* End XCSwiftPackageProductDependency section */
	};
	rootObject = A125338B2E14CBD500C12FA3 /* Project object */;
}
